# This file was autogenerated by Stack.
# You should not edit this file by hand.
# For more information, please see the documentation at:
#   https://docs.haskellstack.org/en/stable/lock_files

packages:
- completed:
    hackage: PSQueue-1.2.0@sha256:fb5d21e9f20729b8da188fcef0656eb4467895d5bfa9c7a50021daf24b28bbb3,1479
    pantry-tree:
      sha256: 84b0e7cd72c488addead116a6c590856a47e16a874a90b36ac5c24eb53c2810d
      size: 340
  original:
    hackage: PSQueue-1.2.0
- completed:
    hackage: parser-combinators-1.3.0@sha256:edd54ba56cbae8fadbcceebcfef31b2c70a835e92e5eda41151b939c40647281,1570
    pantry-tree:
      sha256: 0754c8d3f213156877f8085da2ad74433167a6c30272b8b64119a2628bd7ade0
      size: 795
  original:
    hackage: parser-combinators-1.3.0
- completed:
    hackage: memoize-1.1.2@sha256:d7701b55ed63434d1e8b507d0a76bb58f2fe31b7ce329132e1ca808c7001da49,1928
    pantry-tree:
      sha256: 8c99f1a87a270c8b8fb2238a0a94b346a986cb502753162dab909ed8b2ff44ad
      size: 687
  original:
    hackage: memoize-1.1.2
snapshots:
- completed:
    sha256: a81fb3877c4f9031e1325eb3935122e608d80715dc16b586eb11ddbff8671ecd
    size: 640086
    url: https://raw.githubusercontent.com/commercialhaskell/stackage-snapshots/master/lts/21/25.yaml
  original: lts-21.25
