# This file was autogenerated by Stack.
# You should not edit this file by hand.
# For more information, please see the documentation at:
#   https://docs.haskellstack.org/en/stable/lock_files

packages:
- completed:
    hackage: PSQueue-1.1.0.1@sha256:498cd3d55e4644afbeaeb4d1df63392cd95826991465099395abb7d0c3ce3e58,1318
    pantry-tree:
      size: 214
      sha256: 20f22262b113ba31601dcdd2c29315f70365ab298f1ddb3a6fb2c6d8cfb07b2a
  original:
    hackage: PSQueue-1.1.0.1@sha256:498cd3d55e4644afbeaeb4d1df63392cd95826991465099395abb7d0c3ce3e58,1318
- completed:
    hackage: parser-combinators-1.3.0@sha256:edd54ba56cbae8fadbcceebcfef31b2c70a835e92e5eda41151b939c40647281,1570
    pantry-tree:
      size: 795
      sha256: 0754c8d3f213156877f8085da2ad74433167a6c30272b8b64119a2628bd7ade0
  original:
    hackage: parser-combinators-1.3.0
snapshots:
- completed:
    size: 524996
    url: https://raw.githubusercontent.com/commercialhaskell/stackage-snapshots/master/lts/14/27.yaml
    sha256: 7ea31a280c56bf36ff591a7397cc384d0dff622e7f9e4225b47d8980f019a0f0
  original:
    url: https://raw.githubusercontent.com/commercialhaskell/stackage-snapshots/master/lts/14/27.yaml
